
Microsoft Visual Studio Solution File, Format Version 12.00
# Visual Studio Version 17
VisualStudioVersion = 17.3.32901.215
MinimumVisualStudioVersion = 10.0.40219.1
Project("{FAE04EC0-301F-11D3-BF4B-00C04F79EFBC}") = "DigitalClock", "DigitalClock\DigitalClock.csproj", "{EAD04298-FCA8-47CE-9F4C-957C772C1514}"
EndProject
Global
	GlobalSection(SolutionConfigurationPlatforms) = preSolution
		Debug|Any CPU = Debug|Any CPU
		Release|Any CPU = Release|Any CPU
	EndGlobalSection
	GlobalSection(ProjectConfigurationPlatforms) = postSolution
		{EAD04298-FCA8-47CE-9F4C-957C772C1514}.Debug|Any CPU.ActiveCfg = Debug|Any CPU
		{EAD04298-FCA8-47CE-9F4C-957C772C1514}.Debug|Any CPU.Build.0 = Debug|Any CPU
		{EAD04298-FCA8-47CE-9F4C-957C772C1514}.Release|Any CPU.ActiveCfg = Release|Any CPU
		{EAD04298-FCA8-47CE-9F4C-957C772C1514}.Release|Any CPU.Build.0 = Release|Any CPU
	EndGlobalSection
	GlobalSection(SolutionProperties) = preSolution
		HideSolutionNode = FALSE
	EndGlobalSection
	GlobalSection(ExtensibilityGlobals) = postSolution
		SolutionGuid = {B707D224-C3BC-4A50-982D-9A68B5C892DE}
	EndGlobalSection
EndGlobal
